
Microsoft Visual Studio Solution File, Format Version 11.00
# Visual Studio 2010
# SharpDevelop 5.1
Project("{FAE04EC0-301F-11D3-BF4B-00C04F79EFBC}") = "Choose your toppings", "Choose your toppings\Choose your toppings.csproj", "{EEAB0BA9-F8FD-4455-A034-20EE95AF0617}"
EndProject
Global
	GlobalSection(SolutionConfigurationPlatforms) = preSolution
		Debug|Any CPU = Debug|Any CPU
		Release|Any CPU = Release|Any CPU
	EndGlobalSection
	GlobalSection(ProjectConfigurationPlatforms) = postSolution
		{EEAB0BA9-F8FD-4455-A034-20EE95AF0617}.Debug|Any CPU.ActiveCfg = Debug|Any CPU
		{EEAB0BA9-F8FD-4455-A034-20EE95AF0617}.Debug|Any CPU.Build.0 = Debug|Any CPU
		{EEAB0BA9-F8FD-4455-A034-20EE95AF0617}.Release|Any CPU.ActiveCfg = Release|Any CPU
		{EEAB0BA9-F8FD-4455-A034-20EE95AF0617}.Release|Any CPU.Build.0 = Release|Any CPU
	EndGlobalSection
EndGlobal
