
Microsoft Visual Studio Solution File, Format Version 11.00
# Visual Studio 2010
# SharpDevelop 5.1
Project("{FAE04EC0-301F-11D3-BF4B-00C04F79EFBC}") = "List boxxxxx", "List boxxxxx\List boxxxxx.csproj", "{F591491D-8D02-4C05-8F7A-0B98626CF5FD}"
EndProject
Global
	GlobalSection(SolutionConfigurationPlatforms) = preSolution
		Debug|Any CPU = Debug|Any CPU
		Release|Any CPU = Release|Any CPU
	EndGlobalSection
	GlobalSection(ProjectConfigurationPlatforms) = postSolution
		{F591491D-8D02-4C05-8F7A-0B98626CF5FD}.Debug|Any CPU.ActiveCfg = Debug|Any CPU
		{F591491D-8D02-4C05-8F7A-0B98626CF5FD}.Debug|Any CPU.Build.0 = Debug|Any CPU
		{F591491D-8D02-4C05-8F7A-0B98626CF5FD}.Release|Any CPU.ActiveCfg = Release|Any CPU
		{F591491D-8D02-4C05-8F7A-0B98626CF5FD}.Release|Any CPU.Build.0 = Release|Any CPU
	EndGlobalSection
EndGlobal
