
Microsoft Visual Studio Solution File, Format Version 11.00
# Visual Studio 2010
# SharpDevelop 5.1
Project("{FAE04EC0-301F-11D3-BF4B-00C04F79EFBC}") = "Area of a Triangle", "Area of a Triangle.csproj", "{4CEB82FC-6E8D-4FE2-9274-7CF771A5097C}"
EndProject
Global
	GlobalSection(SolutionConfigurationPlatforms) = preSolution
		Debug|Any CPU = Debug|Any CPU
		Release|Any CPU = Release|Any CPU
	EndGlobalSection
	GlobalSection(ProjectConfigurationPlatforms) = postSolution
		{4CEB82FC-6E8D-4FE2-9274-7CF771A5097C}.Debug|Any CPU.ActiveCfg = Debug|Any CPU
		{4CEB82FC-6E8D-4FE2-9274-7CF771A5097C}.Debug|Any CPU.Build.0 = Debug|Any CPU
		{4CEB82FC-6E8D-4FE2-9274-7CF771A5097C}.Release|Any CPU.ActiveCfg = Release|Any CPU
		{4CEB82FC-6E8D-4FE2-9274-7CF771A5097C}.Release|Any CPU.Build.0 = Release|Any CPU
	EndGlobalSection
EndGlobal
